<Solution>
  <Project Path="../../02-mini-projects/Ch10_HypotenuseCalculator/Ch10_HypotenuseCalculator.csproj" />
  <Project Path="../../02-mini-projects/Ch18_NumberGuessingGame/Ch18_NumberGuessingGame.csproj" Id="1d6797cb-9bd2-4cc3-b944-92831f190d06" />
  <Project Path="../../02-mini-projects/Ch19_RockPaperScissors/Ch19_RockPaperScissors.csproj" Id="3aab83a8-7e2d-46cd-8a72-672ec44f843f" />
  <Project Path="CSharpFoundation.csproj" />
</Solution>
