<Solution>
  <Project Path="../../02-mini-projects/Ch10_HypotenuseCalculator/Ch10_HypotenuseCalculator.csproj" />
  <Project Path="../../02-mini-projects/Ch18_NumberGuessingGame/Ch18_NumberGuessingGame.csproj" Id="1d6797cb-9bd2-4cc3-b944-92831f190d06" />
  <Project Path="CSharpFoundation.csproj" />
</Solution>
